// !$*UTF8*$!
{
	archiveVersion = 1;
	classes = {
	};
	objectVersion = 46;
	objects = {

/* Begin PBXBuildFile section */
		BC49A2DE1979B70E0052CF94 /* Default-568h@2x.png in Resources */ = {isa = PBXBuildFile; fileRef = BC49A2DB1979B70E0052CF94 /* Default-568h@2x.png */; };
		BC49A2DF1979B70E0052CF94 /* Default.png in Resources */ = {isa = PBXBuildFile; fileRef = BC49A2DC1979B70E0052CF94 /* Default.png */; };
		BC49A2E01979B70E0052CF94 /* Default@2x.png in Resources */ = {isa = PBXBuildFile; fileRef = BC49A2DD1979B70E0052CF94 /* Default@2x.png */; };
		C22E4ACA18FCA83F007262B6 /* Foundation.framework in Frameworks */ = {isa = PBXBuildFile; fileRef = C22E4AC918FCA83F007262B6 /* Foundation.framework */; };
		C22E4ACC18FCA83F007262B6 /* CoreGraphics.framework in Frameworks */ = {isa = PBXBuildFile; fileRef = C22E4ACB18FCA83F007262B6 /* CoreGraphics.framework */; };
		C22E4ACE18FCA83F007262B6 /* UIKit.framework in Frameworks */ = {isa = PBXBuildFile; fileRef = C22E4ACD18FCA83F007262B6 /* UIKit.framework */; };
		C22E4AD418FCA83F007262B6 /* InfoPlist.strings in Resources */ = {isa = PBXBuildFile; fileRef = C22E4AD218FCA83F007262B6 /* InfoPlist.strings */; };
		C22E4AD618FCA83F007262B6 /* main.m in Sources */ = {isa = PBXBuildFile; fileRef = C22E4AD518FCA83F007262B6 /* main.m */; };
		C22E4ADA18FCA83F007262B6 /* AppDelegate.m in Sources */ = {isa = PBXBuildFile; fileRef = C22E4AD918FCA83F007262B6 /* AppDelegate.m */; };
		C22E4ADD18FCA83F007262B6 /* Main_iPhone.storyboard in Resources */ = {isa = PBXBuildFile; fileRef = C22E4ADB18FCA83F007262B6 /* Main_iPhone.storyboard */; };
		C22E4AE018FCA83F007262B6 /* Main_iPad.storyboard in Resources */ = {isa = PBXBuildFile; fileRef = C22E4ADE18FCA83F007262B6 /* Main_iPad.storyboard */; };
		C22E4AE318FCA83F007262B6 /* ViewController.m in Sources */ = {isa = PBXBuildFile; fileRef = C22E4AE218FCA83F007262B6 /* ViewController.m */; };
		C22E4AE518FCA83F007262B6 /* Images.xcassets in Resources */ = {isa = PBXBuildFile; fileRef = C22E4AE418FCA83F007262B6 /* Images.xcassets */; };
		C22E4AEC18FCA83F007262B6 /* XCTest.framework in Frameworks */ = {isa = PBXBuildFile; fileRef = C22E4AEB18FCA83F007262B6 /* XCTest.framework */; };
		C22E4AED18FCA83F007262B6 /* Foundation.framework in Frameworks */ = {isa = PBXBuildFile; fileRef = C22E4AC918FCA83F007262B6 /* Foundation.framework */; };
		C22E4AEE18FCA83F007262B6 /* UIKit.framework in Frameworks */ = {isa = PBXBuildFile; fileRef = C22E4ACD18FCA83F007262B6 /* UIKit.framework */; };
		C22E4AF618FCA83F007262B6 /* InfoPlist.strings in Resources */ = {isa = PBXBuildFile; fileRef = C22E4AF418FCA83F007262B6 /* InfoPlist.strings */; };
		C22E4AF818FCA83F007262B6 /* AtomizedTests.m in Sources */ = {isa = PBXBuildFile; fileRef = C22E4AF718FCA83F007262B6 /* AtomizedTests.m */; };
/* End PBXBuildFile section */

/* Begin PBXContainerItemProxy section */
		C22E4AEF18FCA83F007262B6 /* PBXContainerItemProxy */ = {
			isa = PBXContainerItemProxy;
			containerPortal = C22E4ABE18FCA83E007262B6 /* Project object */;
			proxyType = 1;
			remoteGlobalIDString = C22E4AC518FCA83F007262B6;
			remoteInfo = Atomized;
		};
/* End PBXContainerItemProxy section */

/* Begin PBXFileReference section */
		BC49A2DB1979B70E0052CF94 /* Default-568h@2x.png */ = {isa = PBXFileReference; lastKnownFileType = image.png; path = "Default-568h@2x.png"; sourceTree = "<group>"; };
		BC49A2DC1979B70E0052CF94 /* Default.png */ = {isa = PBXFileReference; lastKnownFileType = image.png; path = Default.png; sourceTree = "<group>"; };
		BC49A2DD1979B70E0052CF94 /* Default@2x.png */ = {isa = PBXFileReference; lastKnownFileType = image.png; path = "Default@2x.png"; sourceTree = "<group>"; };
		C22E4AC618FCA83F007262B6 /* Atomized.app */ = {isa = PBXFileReference; explicitFileType = wrapper.application; includeInIndex = 0; path = Atomized.app; sourceTree = BUILT_PRODUCTS_DIR; };
		C22E4AC918FCA83F007262B6 /* Foundation.framework */ = {isa = PBXFileReference; lastKnownFileType = wrapper.framework; name = Foundation.framework; path = System/Library/Frameworks/Foundation.framework; sourceTree = SDKROOT; };
		C22E4ACB18FCA83F007262B6 /* CoreGraphics.framework */ = {isa = PBXFileReference; lastKnownFileType = wrapper.framework; name = CoreGraphics.framework; path = System/Library/Frameworks/CoreGraphics.framework; sourceTree = SDKROOT; };
		C22E4ACD18FCA83F007262B6 /* UIKit.framework */ = {isa = PBXFileReference; lastKnownFileType = wrapper.framework; name = UIKit.framework; path = System/Library/Frameworks/UIKit.framework; sourceTree = SDKROOT; };
		C22E4AD118FCA83F007262B6 /* Atomized-Info.plist */ = {isa = PBXFileReference; lastKnownFileType = text.plist.xml; path = "Atomized-Info.plist"; sourceTree = "<group>"; };
		C22E4AD318FCA83F007262B6 /* en */ = {isa = PBXFileReference; lastKnownFileType = text.plist.strings; name = en; path = en.lproj/InfoPlist.strings; sourceTree = "<group>"; };
		C22E4AD518FCA83F007262B6 /* main.m */ = {isa = PBXFileReference; lastKnownFileType = sourcecode.c.objc; path = main.m; sourceTree = "<group>"; };
		C22E4AD718FCA83F007262B6 /* Atomized-Prefix.pch */ = {isa = PBXFileReference; lastKnownFileType = sourcecode.c.h; path = "Atomized-Prefix.pch"; sourceTree = "<group>"; };
		C22E4AD818FCA83F007262B6 /* AppDelegate.h */ = {isa = PBXFileReference; lastKnownFileType = sourcecode.c.h; path = AppDelegate.h; sourceTree = "<group>"; };
		C22E4AD918FCA83F007262B6 /* AppDelegate.m */ = {isa = PBXFileReference; lastKnownFileType = sourcecode.c.objc; path = AppDelegate.m; sourceTree = "<group>"; };
		C22E4ADC18FCA83F007262B6 /* Base */ = {isa = PBXFileReference; lastKnownFileType = file.storyboard; name = Base; path = Base.lproj/Main_iPhone.storyboard; sourceTree = "<group>"; };
		C22E4ADF18FCA83F007262B6 /* Base */ = {isa = PBXFileReference; lastKnownFileType = file.storyboard; name = Base; path = Base.lproj/Main_iPad.storyboard; sourceTree = "<group>"; };
		C22E4AE118FCA83F007262B6 /* ViewController.h */ = {isa = PBXFileReference; lastKnownFileType = sourcecode.c.h; path = ViewController.h; sourceTree = "<group>"; };
		C22E4AE218FCA83F007262B6 /* ViewController.m */ = {isa = PBXFileReference; lastKnownFileType = sourcecode.c.objc; path = ViewController.m; sourceTree = "<group>"; };
		C22E4AE418FCA83F007262B6 /* Images.xcassets */ = {isa = PBXFileReference; lastKnownFileType = folder.assetcatalog; path = Images.xcassets; sourceTree = "<group>"; };
		C22E4AEA18FCA83F007262B6 /* AtomizedTests.xctest */ = {isa = PBXFileReference; explicitFileType = wrapper.cfbundle; includeInIndex = 0; path = AtomizedTests.xctest; sourceTree = BUILT_PRODUCTS_DIR; };
		C22E4AEB18FCA83F007262B6 /* XCTest.framework */ = {isa = PBXFileReference; lastKnownFileType = wrapper.framework; name = XCTest.framework; path = Library/Frameworks/XCTest.framework; sourceTree = DEVELOPER_DIR; };
		C22E4AF318FCA83F007262B6 /* AtomizedTests-Info.plist */ = {isa = PBXFileReference; lastKnownFileType = text.plist.xml; path = "AtomizedTests-Info.plist"; sourceTree = "<group>"; };
		C22E4AF518FCA83F007262B6 /* en */ = {isa = PBXFileReference; lastKnownFileType = text.plist.strings; name = en; path = en.lproj/InfoPlist.strings; sourceTree = "<group>"; };
		C22E4AF718FCA83F007262B6 /* AtomizedTests.m */ = {isa = PBXFileReference; lastKnownFileType = sourcecode.c.objc; path = AtomizedTests.m; sourceTree = "<group>"; };
/* End PBXFileReference section */

/* Begin PBXFrameworksBuildPhase section */
		C22E4AC318FCA83F007262B6 /* Frameworks */ = {
			isa = PBXFrameworksBuildPhase;
			buildActionMask = 2147483647;
			files = (
				C22E4ACC18FCA83F007262B6 /* CoreGraphics.framework in Frameworks */,
				C22E4ACE18FCA83F007262B6 /* UIKit.framework in Frameworks */,
				C22E4ACA18FCA83F007262B6 /* Foundation.framework in Frameworks */,
			);
			runOnlyForDeploymentPostprocessing = 0;
		};
		C22E4AE718FCA83F007262B6 /* Frameworks */ = {
			isa = PBXFrameworksBuildPhase;
			buildActionMask = 2147483647;
			files = (
				C22E4AEC18FCA83F007262B6 /* XCTest.framework in Frameworks */,
				C22E4AEE18FCA83F007262B6 /* UIKit.framework in Frameworks */,
				C22E4AED18FCA83F007262B6 /* Foundation.framework in Frameworks */,
			);
			runOnlyForDeploymentPostprocessing = 0;
		};
/* End PBXFrameworksBuildPhase section */

/* Begin PBXGroup section */
		C22E4ABD18FCA83E007262B6 = {
			isa = PBXGroup;
			children = (
				C22E4ACF18FCA83F007262B6 /* Atomized */,
				C22E4AF118FCA83F007262B6 /* AtomizedTests */,
				C22E4AC818FCA83F007262B6 /* Frameworks */,
				C22E4AC718FCA83F007262B6 /* Products */,
			);
			sourceTree = "<group>";
		};
		C22E4AC718FCA83F007262B6 /* Products */ = {
			isa = PBXGroup;
			children = (
				C22E4AC618FCA83F007262B6 /* Atomized.app */,
				C22E4AEA18FCA83F007262B6 /* AtomizedTests.xctest */,
			);
			name = Products;
			sourceTree = "<group>";
		};
		C22E4AC818FCA83F007262B6 /* Frameworks */ = {
			isa = PBXGroup;
			children = (
				C22E4AC918FCA83F007262B6 /* Foundation.framework */,
				C22E4ACB18FCA83F007262B6 /* CoreGraphics.framework */,
				C22E4ACD18FCA83F007262B6 /* UIKit.framework */,
				C22E4AEB18FCA83F007262B6 /* XCTest.framework */,
			);
			name = Frameworks;
			sourceTree = "<group>";
		};
		C22E4ACF18FCA83F007262B6 /* Atomized */ = {
			isa = PBXGroup;
			children = (
				BC49A2DB1979B70E0052CF94 /* Default-568h@2x.png */,
				BC49A2DC1979B70E0052CF94 /* Default.png */,
				BC49A2DD1979B70E0052CF94 /* Default@2x.png */,
				C22E4AD818FCA83F007262B6 /* AppDelegate.h */,
				C22E4AD918FCA83F007262B6 /* AppDelegate.m */,
				C22E4ADB18FCA83F007262B6 /* Main_iPhone.storyboard */,
				C22E4ADE18FCA83F007262B6 /* Main_iPad.storyboard */,
				C22E4AE118FCA83F007262B6 /* ViewController.h */,
				C22E4AE218FCA83F007262B6 /* ViewController.m */,
				C22E4AE418FCA83F007262B6 /* Images.xcassets */,
				C22E4AD018FCA83F007262B6 /* Supporting Files */,
			);
			path = Atomized;
			sourceTree = "<group>";
		};
		C22E4AD018FCA83F007262B6 /* Supporting Files */ = {
			isa = PBXGroup;
			children = (
				C22E4AD118FCA83F007262B6 /* Atomized-Info.plist */,
				C22E4AD218FCA83F007262B6 /* InfoPlist.strings */,
				C22E4AD518FCA83F007262B6 /* main.m */,
				C22E4AD718FCA83F007262B6 /* Atomized-Prefix.pch */,
			);
			name = "Supporting Files";
			sourceTree = "<group>";
		};
		C22E4AF118FCA83F007262B6 /* AtomizedTests */ = {
			isa = PBXGroup;
			children = (
				C22E4AF718FCA83F007262B6 /* AtomizedTests.m */,
				C22E4AF218FCA83F007262B6 /* Supporting Files */,
			);
			path = AtomizedTests;
			sourceTree = "<group>";
		};
		C22E4AF218FCA83F007262B6 /* Supporting Files */ = {
			isa = PBXGroup;
			children = (
				C22E4AF318FCA83F007262B6 /* AtomizedTests-Info.plist */,
				C22E4AF418FCA83F007262B6 /* InfoPlist.strings */,
			);
			name = "Supporting Files";
			sourceTree = "<group>";
		};
/* End PBXGroup section */

/* Begin PBXNativeTarget section */
		C22E4AC518FCA83F007262B6 /* Atomized */ = {
			isa = PBXNativeTarget;
			buildConfigurationList = C22E4AFB18FCA840007262B6 /* Build configuration list for PBXNativeTarget "Atomized" */;
			buildPhases = (
				C22E4AC218FCA83F007262B6 /* Sources */,
				C22E4AC318FCA83F007262B6 /* Frameworks */,
				C22E4AC418FCA83F007262B6 /* Resources */,
			);
			buildRules = (
			);
			dependencies = (
			);
			name = Atomized;
			productName = Atomized;
			productReference = C22E4AC618FCA83F007262B6 /* Atomized.app */;
			productType = "com.apple.product-type.application";
		};
		C22E4AE918FCA83F007262B6 /* AtomizedTests */ = {
			isa = PBXNativeTarget;
			buildConfigurationList = C22E4AFE18FCA840007262B6 /* Build configuration list for PBXNativeTarget "AtomizedTests" */;
			buildPhases = (
				C22E4AE618FCA83F007262B6 /* Sources */,
				C22E4AE718FCA83F007262B6 /* Frameworks */,
				C22E4AE818FCA83F007262B6 /* Resources */,
			);
			buildRules = (
			);
			dependencies = (
				C22E4AF018FCA83F007262B6 /* PBXTargetDependency */,
			);
			name = AtomizedTests;
			productName = AtomizedTests;
			productReference = C22E4AEA18FCA83F007262B6 /* AtomizedTests.xctest */;
			productType = "com.apple.product-type.bundle.unit-test";
		};
/* End PBXNativeTarget section */

/* Begin PBXProject section */
		C22E4ABE18FCA83E007262B6 /* Project object */ = {
			isa = PBXProject;
			attributes = {
				LastUpgradeCheck = 0510;
				ORGANIZATIONNAME = "Andrew Choi";
				TargetAttributes = {
					C22E4AE918FCA83F007262B6 = {
						TestTargetID = C22E4AC518FCA83F007262B6;
					};
				};
			};
			buildConfigurationList = C22E4AC118FCA83F007262B6 /* Build configuration list for PBXProject "Atomized" */;
			compatibilityVersion = "Xcode 3.2";
			developmentRegion = English;
			hasScannedForEncodings = 0;
			knownRegions = (
				en,
				Base,
			);
			mainGroup = C22E4ABD18FCA83E007262B6;
			productRefGroup = C22E4AC718FCA83F007262B6 /* Products */;
			projectDirPath = "";
			projectRoot = "";
			targets = (
				C22E4AC518FCA83F007262B6 /* Atomized */,
				C22E4AE918FCA83F007262B6 /* AtomizedTests */,
			);
		};
/* End PBXProject section */

/* Begin PBXResourcesBuildPhase section */
		C22E4AC418FCA83F007262B6 /* Resources */ = {
			isa = PBXResourcesBuildPhase;
			buildActionMask = 2147483647;
			files = (
				C22E4AE018FCA83F007262B6 /* Main_iPad.storyboard in Resources */,
				BC49A2DF1979B70E0052CF94 /* Default.png in Resources */,
				C22E4AE518FCA83F007262B6 /* Images.xcassets in Resources */,
				C22E4ADD18FCA83F007262B6 /* Main_iPhone.storyboard in Resources */,
				BC49A2DE1979B70E0052CF94 /* Default-568h@2x.png in Resources */,
				BC49A2E01979B70E0052CF94 /* Default@2x.png in Resources */,
				C22E4AD418FCA83F007262B6 /* InfoPlist.strings in Resources */,
			);
			runOnlyForDeploymentPostprocessing = 0;
		};
		C22E4AE818FCA83F007262B6 /* Resources */ = {
			isa = PBXResourcesBuildPhase;
			buildActionMask = 2147483647;
			files = (
				C22E4AF618FCA83F007262B6 /* InfoPlist.strings in Resources */,
			);
			runOnlyForDeploymentPostprocessing = 0;
		};
/* End PBXResourcesBuildPhase section */

/* Begin PBXSourcesBuildPhase section */
		C22E4AC218FCA83F007262B6 /* Sources */ = {
			isa = PBXSourcesBuildPhase;
			buildActionMask = 2147483647;
			files = (
				C22E4AE318FCA83F007262B6 /* ViewController.m in Sources */,
				C22E4ADA18FCA83F007262B6 /* AppDelegate.m in Sources */,
				C22E4AD618FCA83F007262B6 /* main.m in Sources */,
			);
			runOnlyForDeploymentPostprocessing = 0;
		};
		C22E4AE618FCA83F007262B6 /* Sources */ = {
			isa = PBXSourcesBuildPhase;
			buildActionMask = 2147483647;
			files = (
				C22E4AF818FCA83F007262B6 /* AtomizedTests.m in Sources */,
			);
			runOnlyForDeploymentPostprocessing = 0;
		};
/* End PBXSourcesBuildPhase section */

/* Begin PBXTargetDependency section */
		C22E4AF018FCA83F007262B6 /* PBXTargetDependency */ = {
			isa = PBXTargetDependency;
			target = C22E4AC518FCA83F007262B6 /* Atomized */;
			targetProxy = C22E4AEF18FCA83F007262B6 /* PBXContainerItemProxy */;
		};
/* End PBXTargetDependency section */

/* Begin PBXVariantGroup section */
		C22E4AD218FCA83F007262B6 /* InfoPlist.strings */ = {
			isa = PBXVariantGroup;
			children = (
				C22E4AD318FCA83F007262B6 /* en */,
			);
			name = InfoPlist.strings;
			sourceTree = "<group>";
		};
		C22E4ADB18FCA83F007262B6 /* Main_iPhone.storyboard */ = {
			isa = PBXVariantGroup;
			children = (
				C22E4ADC18FCA83F007262B6 /* Base */,
			);
			name = Main_iPhone.storyboard;
			sourceTree = "<group>";
		};
		C22E4ADE18FCA83F007262B6 /* Main_iPad.storyboard */ = {
			isa = PBXVariantGroup;
			children = (
				C22E4ADF18FCA83F007262B6 /* Base */,
			);
			name = Main_iPad.storyboard;
			sourceTree = "<group>";
		};
		C22E4AF418FCA83F007262B6 /* InfoPlist.strings */ = {
			isa = PBXVariantGroup;
			children = (
				C22E4AF518FCA83F007262B6 /* en */,
			);
			name = InfoPlist.strings;
			sourceTree = "<group>";
		};
/* End PBXVariantGroup section */

/* Begin XCBuildConfiguration section */
		C22E4AF918FCA840007262B6 /* Debug */ = {
			isa = XCBuildConfiguration;
			buildSettings = {
				ALWAYS_SEARCH_USER_PATHS = NO;
				CLANG_CXX_LANGUAGE_STANDARD = "gnu++0x";
				CLANG_CXX_LIBRARY = "libc++";
				CLANG_ENABLE_MODULES = YES;
				CLANG_ENABLE_OBJC_ARC = YES;
				CLANG_WARN_BOOL_CONVERSION = YES;
				CLANG_WARN_CONSTANT_CONVERSION = YES;
				CLANG_WARN_DIRECT_OBJC_ISA_USAGE = YES_ERROR;
				CLANG_WARN_EMPTY_BODY = YES;
				CLANG_WARN_ENUM_CONVERSION = YES;
				CLANG_WARN_INT_CONVERSION = YES;
				CLANG_WARN_OBJC_ROOT_CLASS = YES_ERROR;
				CLANG_WARN__DUPLICATE_METHOD_MATCH = YES;
				"CODE_SIGN_IDENTITY[sdk=iphoneos*]" = "iPhone Developer";
				COPY_PHASE_STRIP = NO;
				GCC_C_LANGUAGE_STANDARD = gnu99;
				GCC_DYNAMIC_NO_PIC = NO;
				GCC_OPTIMIZATION_LEVEL = 0;
				GCC_PREPROCESSOR_DEFINITIONS = (
					"DEBUG=1",
					"$(inherited)",
				);
				GCC_SYMBOLS_PRIVATE_EXTERN = NO;
				GCC_WARN_64_TO_32_BIT_CONVERSION = YES;
				GCC_WARN_ABOUT_RETURN_TYPE = YES_ERROR;
				GCC_WARN_UNDECLARED_SELECTOR = YES;
				GCC_WARN_UNINITIALIZED_AUTOS = YES_AGGRESSIVE;
				GCC_WARN_UNUSED_FUNCTION = YES;
				GCC_WARN_UNUSED_VARIABLE = YES;
				IPHONEOS_DEPLOYMENT_TARGET = 7.1;
				ONLY_ACTIVE_ARCH = YES;
				SDKROOT = iphoneos;
				TARGETED_DEVICE_FAMILY = "1,2";
			};
			name = Debug;
		};
		C22E4AFA18FCA840007262B6 /* Release */ = {
			isa = XCBuildConfiguration;
			buildSettings = {
				ALWAYS_SEARCH_USER_PATHS = NO;
				CLANG_CXX_LANGUAGE_STANDARD = "gnu++0x";
				CLANG_CXX_LIBRARY = "libc++";
				CLANG_ENABLE_MODULES = YES;
				CLANG_ENABLE_OBJC_ARC = YES;
				CLANG_WARN_BOOL_CONVERSION = YES;
				CLANG_WARN_CONSTANT_CONVERSION = YES;
				CLANG_WARN_DIRECT_OBJC_ISA_USAGE = YES_ERROR;
				CLANG_WARN_EMPTY_BODY = YES;
				CLANG_WARN_ENUM_CONVERSION = YES;
				CLANG_WARN_INT_CONVERSION = YES;
				CLANG_WARN_OBJC_ROOT_CLASS = YES_ERROR;
				CLANG_WARN__DUPLICATE_METHOD_MATCH = YES;
				"CODE_SIGN_IDENTITY[sdk=iphoneos*]" = "iPhone Developer";
				COPY_PHASE_STRIP = YES;
				ENABLE_NS_ASSERTIONS = NO;
				GCC_C_LANGUAGE_STANDARD = gnu99;
				GCC_WARN_64_TO_32_BIT_CONVERSION = YES;
				GCC_WARN_ABOUT_RETURN_TYPE = YES_ERROR;
				GCC_WARN_UNDECLARED_SELECTOR = YES;
				GCC_WARN_UNINITIALIZED_AUTOS = YES_AGGRESSIVE;
				GCC_WARN_UNUSED_FUNCTION = YES;
				GCC_WARN_UNUSED_VARIABLE = YES;
				IPHONEOS_DEPLOYMENT_TARGET = 7.1;
				SDKROOT = iphoneos;
				TARGETED_DEVICE_FAMILY = "1,2";
				VALIDATE_PRODUCT = YES;
			};
			name = Release;
		};
		C22E4AFC18FCA840007262B6 /* Debug */ = {
			isa = XCBuildConfiguration;
			buildSettings = {
				ASSETCATALOG_COMPILER_APPICON_NAME = AppIcon;
				ASSETCATALOG_COMPILER_LAUNCHIMAGE_NAME = LaunchImage;
				CODE_SIGN_IDENTITY = "iPhone Distribution: Flight Publishing, LLC. (CRL4YQ8S8Q)";
				GCC_PRECOMPILE_PREFIX_HEADER = YES;
				GCC_PREFIX_HEADER = "Atomized/Atomized-Prefix.pch";
				INFOPLIST_FILE = "Atomized/Atomized-Info.plist";
				IPHONEOS_DEPLOYMENT_TARGET = 6.0;
				PRODUCT_NAME = "$(TARGET_NAME)";
				WRAPPER_EXTENSION = app;
			};
			name = Debug;
		};
		C22E4AFD18FCA840007262B6 /* Release */ = {
			isa = XCBuildConfiguration;
			buildSettings = {
				ASSETCATALOG_COMPILER_APPICON_NAME = AppIcon;
				ASSETCATALOG_COMPILER_LAUNCHIMAGE_NAME = LaunchImage;
				CODE_SIGN_IDENTITY = "iPhone Distribution: Flight Publishing, LLC. (CRL4YQ8S8Q)";
				GCC_PRECOMPILE_PREFIX_HEADER = YES;
				GCC_PREFIX_HEADER = "Atomized/Atomized-Prefix.pch";
				INFOPLIST_FILE = "Atomized/Atomized-Info.plist";
				IPHONEOS_DEPLOYMENT_TARGET = 6.0;
				PRODUCT_NAME = "$(TARGET_NAME)";
				WRAPPER_EXTENSION = app;
			};
			name = Release;
		};
		C22E4AFF18FCA840007262B6 /* Debug */ = {
			isa = XCBuildConfiguration;
			buildSettings = {
				BUNDLE_LOADER = "$(BUILT_PRODUCTS_DIR)/Atomized.app/Atomized";
				FRAMEWORK_SEARCH_PATHS = (
					"$(SDKROOT)/Developer/Library/Frameworks",
					"$(inherited)",
					"$(DEVELOPER_FRAMEWORKS_DIR)",
				);
				GCC_PRECOMPILE_PREFIX_HEADER = YES;
				GCC_PREFIX_HEADER = "Atomized/Atomized-Prefix.pch";
				GCC_PREPROCESSOR_DEFINITIONS = (
					"DEBUG=1",
					"$(inherited)",
				);
				INFOPLIST_FILE = "AtomizedTests/AtomizedTests-Info.plist";
				PRODUCT_NAME = "$(TARGET_NAME)";
				TEST_HOST = "$(BUNDLE_LOADER)";
				WRAPPER_EXTENSION = xctest;
			};
			name = Debug;
		};
		C22E4B0018FCA840007262B6 /* Release */ = {
			isa = XCBuildConfiguration;
			buildSettings = {
				BUNDLE_LOADER = "$(BUILT_PRODUCTS_DIR)/Atomized.app/Atomized";
				FRAMEWORK_SEARCH_PATHS = (
					"$(SDKROOT)/Developer/Library/Frameworks",
					"$(inherited)",
					"$(DEVELOPER_FRAMEWORKS_DIR)",
				);
				GCC_PRECOMPILE_PREFIX_HEADER = YES;
				GCC_PREFIX_HEADER = "Atomized/Atomized-Prefix.pch";
				INFOPLIST_FILE = "AtomizedTests/AtomizedTests-Info.plist";
				PRODUCT_NAME = "$(TARGET_NAME)";
				TEST_HOST = "$(BUNDLE_LOADER)";
				WRAPPER_EXTENSION = xctest;
			};
			name = Release;
		};
/* End XCBuildConfiguration section */

/* Begin XCConfigurationList section */
		C22E4AC118FCA83F007262B6 /* Build configuration list for PBXProject "Atomized" */ = {
			isa = XCConfigurationList;
			buildConfigurations = (
				C22E4AF918FCA840007262B6 /* Debug */,
				C22E4AFA18FCA840007262B6 /* Release */,
			);
			defaultConfigurationIsVisible = 0;
			defaultConfigurationName = Release;
		};
		C22E4AFB18FCA840007262B6 /* Build configuration list for PBXNativeTarget "Atomized" */ = {
			isa = XCConfigurationList;
			buildConfigurations = (
				C22E4AFC18FCA840007262B6 /* Debug */,
				C22E4AFD18FCA840007262B6 /* Release */,
			);
			defaultConfigurationIsVisible = 0;
			defaultConfigurationName = Release;
		};
		C22E4AFE18FCA840007262B6 /* Build configuration list for PBXNativeTarget "AtomizedTests" */ = {
			isa = XCConfigurationList;
			buildConfigurations = (
				C22E4AFF18FCA840007262B6 /* Debug */,
				C22E4B0018FCA840007262B6 /* Release */,
			);
			defaultConfigurationIsVisible = 0;
			defaultConfigurationName = Release;
		};
/* End XCConfigurationList section */
	};
	rootObject = C22E4ABE18FCA83E007262B6 /* Project object */;
}
